# THIS IS AN AUTOGENERATED FILE. DO NOT EDIT THIS FILE DIRECTLY.
# yarn lockfile v1


"@esbuild/android-arm64@0.16.5":
  version "0.16.5"
  resolved "https://registry.yarnpkg.com/@esbuild/android-arm64/-/android-arm64-0.16.5.tgz#4d86e00dee422c76a86904d6b863d115db34f862"
  integrity sha512-BCWkmAqFoW6xXzz6Up16bU0vdZqe23UxkrabbrmXXUuH27Tts3LVcHFCi/dGLYa6ZqC/txhtJm2kAJdoyOfHxg==

"@esbuild/android-arm@0.16.5":
  version "0.16.5"
  resolved "https://registry.yarnpkg.com/@esbuild/android-arm/-/android-arm-0.16.5.tgz#e6dd899ab0727d31c04309b6db2fb70ca4331af1"
  integrity sha512-eNkNuLSKpbZTH0BZklJ9B9Sml7fTIamhrQNBwftsEHCUuSLBVunzV3LfghryVGpE5lSkOwOfeX6gR6+3yLaEfQ==

"@esbuild/android-x64@0.16.5":
  version "0.16.5"
  resolved "https://registry.yarnpkg.com/@esbuild/android-x64/-/android-x64-0.16.5.tgz#c5237c582bb038a9403afe5ad7e451cc79187505"
  integrity sha512-E0R7d0dy9+QlpMps8gJXXhtfn+fQFaTXbq8kV2u/HfHyyhxr4nIIuXZCcYxxA9LSKnsFBBbSQIGDUVY9FGgx0w==

"@esbuild/darwin-arm64@0.16.5":
  version "0.16.5"
  resolved "https://registry.yarnpkg.com/@esbuild/darwin-arm64/-/darwin-arm64-0.16.5.tgz#6e553f4be193d25a5e7cb6a73077d407a64bd6ad"
  integrity sha512-4HlbUMy50cRaHGVriBjShs46WRPshtnVOqkxEGhEuDuJhgZ3regpWzaQxXOcDXFvVwue8RiqDAAcOi/QlVLE6Q==

"@esbuild/darwin-x64@0.16.5":
  version "0.16.5"
  resolved "https://registry.yarnpkg.com/@esbuild/darwin-x64/-/darwin-x64-0.16.5.tgz#a9c466dbeca614edb5fe1a9c1ccd97bce30301af"
  integrity sha512-ZDCAxAPwbtKJ5YxRZusQKDFuywH+7YNKbilss0DCRPtXMxrKRZETcuSfcgIWGYBBc+ypdOazousx3yZss2Az0A==

"@esbuild/freebsd-arm64@0.16.5":
  version "0.16.5"
  resolved "https://registry.yarnpkg.com/@esbuild/freebsd-arm64/-/freebsd-arm64-0.16.5.tgz#e101c671b150a6e0fe06b5978f2005505afd97b8"
  integrity sha512-w0dJ8om4KiagLCHURgwxXVWzi5xa0W7F5woMxzWO+LDCebrlyZUhCIbSXUKa4qD3XbdG7K4Y8N4mLDRMkZzMuw==

"@esbuild/freebsd-x64@0.16.5":
  version "0.16.5"
  resolved "https://registry.yarnpkg.com/@esbuild/freebsd-x64/-/freebsd-x64-0.16.5.tgz#79bf9368634f390d16f5032a9b6603f02b0d999b"
  integrity sha512-qCdC0T7XUxngX8otO4nmPUE/cHZfvF8jk+GMr9qkAGP0nIMACD7t/AWoY2N5rsn5/dOJ1VKM/aMF4wCFBP5AqQ==

"@esbuild/linux-arm64@0.16.5":
  version "0.16.5"
  resolved "https://registry.yarnpkg.com/@esbuild/linux-arm64/-/linux-arm64-0.16.5.tgz#9025197f1d4007743d130413f7579607f943a0f2"
  integrity sha512-h84QZmBhBdEclyxf9Wm/UESY6ITI7/gYLNvj/3emhDd0ILAqwHdWnMDmKqqubrMcpb1O4sWOYRm7EZ+Av8eGiQ==

"@esbuild/linux-arm@0.16.5":
  version "0.16.5"
  resolved "https://registry.yarnpkg.com/@esbuild/linux-arm/-/linux-arm-0.16.5.tgz#4cc5ff0fc093610598f32f7fd5565326c0c4e5c6"
  integrity sha512-6crdpqwFjl+DObBgwaJMtB+VWrZd87Jy05gQTERysc1ujnUJNCJzemUcRDT5hM34dzTYThlXfFW32qQy9QpPGQ==

"@esbuild/linux-ia32@0.16.5":
  version "0.16.5"
  resolved "https://registry.yarnpkg.com/@esbuild/linux-ia32/-/linux-ia32-0.16.5.tgz#9d897e7fff2f31433fa2c7b00048738dc9d47a69"
  integrity sha512-P1WNzGqy6ipvbt8iNoYY66+qUANCiM80D8bGJIU8jqSZ613eG0lUWBePi4xQazcNgIi9tSiCa9Ba3f4krXtQDw==

"@esbuild/linux-loong64@0.16.5":
  version "0.16.5"
  resolved "https://registry.yarnpkg.com/@esbuild/linux-loong64/-/linux-loong64-0.16.5.tgz#9fc800568028d1a1d5601375cd9f20f33fd91093"
  integrity sha512-r8wKqs+rl4gIT/xDB6CHMaYcvvyZ7tWf5LulH9NsDvgQEy3gIXQPR4Oy9tYrjM75uKkvBv1uw15Iz4EWsvve9Q==

"@esbuild/linux-mips64el@0.16.5":
  version "0.16.5"
  resolved "https://registry.yarnpkg.com/@esbuild/linux-mips64el/-/linux-mips64el-0.16.5.tgz#ef9ee33e33c13771055f3726a3350cb0a4e1e550"
  integrity sha512-0WMhOlwfeeAp6KMx3E6LZKDN6INk4Me8dwIw1XMSFvmE6r31vRnwXkrQlAk5FI44KZ/rIi+yynRZqEd7UJAV2g==

"@esbuild/linux-ppc64@0.16.5":
  version "0.16.5"
  resolved "https://registry.yarnpkg.com/@esbuild/linux-ppc64/-/linux-ppc64-0.16.5.tgz#175d4a6f7b304c63686059861f276151d015cf26"
  integrity sha512-29x+DtRGcYH0Sh3QSnoF+D2SYkHLxwx5AugoGLIlVtcVqDb4fEb654d67k9VcAR2RiTAYUZ764KXzWB+ItQfgw==

"@esbuild/linux-riscv64@0.16.5":
  version "0.16.5"
  resolved "https://registry.yarnpkg.com/@esbuild/linux-riscv64/-/linux-riscv64-0.16.5.tgz#69fe8bc94f49fdcead8ed6144cb40e45920c4196"
  integrity sha512-ZX4SSKOJUcuqFNDydfN4yCo9je9f1T72Pj+RLsAGRiuiREVCwRkXIBp810C01+MdPqYExp322kY78ISEq5XGLQ==

"@esbuild/linux-s390x@0.16.5":
  version "0.16.5"
  resolved "https://registry.yarnpkg.com/@esbuild/linux-s390x/-/linux-s390x-0.16.5.tgz#18d418673579081e7ec3c376b110cea832efadbc"
  integrity sha512-pYY86RiLD1s5RN8q0aMhWD44NiHmAZxv2bSzaNlL63/ibWETld+m6F+MPh9+ZNOqGJw53E/0qHukYI5Lm+1k7A==

"@esbuild/linux-x64@0.16.5":
  version "0.16.5"
  resolved "https://registry.yarnpkg.com/@esbuild/linux-x64/-/linux-x64-0.16.5.tgz#3dadd838a89b38e0653fcd3d74455d965c6c400d"
  integrity sha512-vsOwzKN+4NenUTyuoWLmg5dAuO8JKuLD9MXSeENA385XucuOZbblmOMwwgPlHsgVRtSjz38riqPJU2ALI/CWYQ==

"@esbuild/netbsd-x64@0.16.5":
  version "0.16.5"
  resolved "https://registry.yarnpkg.com/@esbuild/netbsd-x64/-/netbsd-x64-0.16.5.tgz#ab0ffb19dc14c0efc2317372e4e4782fdb8cbd9c"
  integrity sha512-ZhfELxpZLXg7OidX9MrjgQNhjhYx3GXm59EAQVZds8GTyOOPj+Hg7ttKenlXoV8PZVkoCm0dgoWXzhasZJGfWw==

"@esbuild/openbsd-x64@0.16.5":
  version "0.16.5"
  resolved "https://registry.yarnpkg.com/@esbuild/openbsd-x64/-/openbsd-x64-0.16.5.tgz#0f33fb3acb8ac207cd366576030d17688acd2c60"
  integrity sha512-2HY2L0afN8IUgvxCAWY04bB6mhHSnC7YNGM2hmEkyAgP+n8jpZgGjiRokuk3AQ0g0IpX8h0KnS+xaznGEr5CGw==

"@esbuild/sunos-x64@0.16.5":
  version "0.16.5"
  resolved "https://registry.yarnpkg.com/@esbuild/sunos-x64/-/sunos-x64-0.16.5.tgz#9f0da4e9c594bdbe92c27fe1d3d1effb8f036ad3"
  integrity sha512-Q7+HbDnW52LLW8YIU5h0sYZ23TvaaC0vuwiIbJUa91Qr77NKNJCe8stfunN1TRZo+6OwGpM3MrdUcUVUfr5wuA==

"@esbuild/win32-arm64@0.16.5":
  version "0.16.5"
  resolved "https://registry.yarnpkg.com/@esbuild/win32-arm64/-/win32-arm64-0.16.5.tgz#5ebb50418ed224061a049a59c876283962134cee"
  integrity sha512-KcegNS7IgLm/cAcjIW3kZyLiZi/p8I+A2a6OonDA77em9xHewdA2yTA+9pO4gr77MkXATcnDAFBrWw5oLHIZkQ==

"@esbuild/win32-ia32@0.16.5":
  version "0.16.5"
  resolved "https://registry.yarnpkg.com/@esbuild/win32-ia32/-/win32-ia32-0.16.5.tgz#57f008d3a2b8336ab0f7bd07431619c46921dbd0"
  integrity sha512-ReUCJSzLNGH6WcvwjMzpEy2SX5GTZBeRTvCdklN4DT2YrgRIe82lYVikVHwA7fdiL3xHKvmdiicMqxE8QYmxrA==

"@esbuild/win32-x64@0.16.5":
  version "0.16.5"
  resolved "https://registry.yarnpkg.com/@esbuild/win32-x64/-/win32-x64-0.16.5.tgz#9398d079a83b309b44021634ae6b4f7bc6a0cad0"
  integrity sha512-q00Jasz6/wCOD2XxRj4GEwj27u1zfpiBniL1ip3/YGGcYtvOoGKCNSS47sufO/8ixEgrSYDlkglSd6CxcS7m0g==

"@types/node@^18.8.1":
  version "18.11.14"
  resolved "https://registry.yarnpkg.com/@types/node/-/node-18.11.14.tgz#a8571b25f3a31e9ded14e3ab9488509adef831d8"
  integrity sha512-0KXV57tENYmmJMl+FekeW9V3O/rlcqGQQJ/hNh9r8pKIj304pskWuEd8fCyNT86g/TpO0gcOTiLzsHLEURFMIQ==

esbuild@^0.16.4:
  version "0.16.5"
  resolved "https://registry.yarnpkg.com/esbuild/-/esbuild-0.16.5.tgz#4e14ef61a4c906cacc5f0d997d372ff815254b23"
  integrity sha512-te0zG5CDzAxhnBKeddXUtK8xDnYL6jv100ekldhtUk0ALXPXcDAtuH0fAR7rbKwUdz3bOey6HVq2N+aWCKZ1cw==
  optionalDependencies:
    "@esbuild/android-arm" "0.16.5"
    "@esbuild/android-arm64" "0.16.5"
    "@esbuild/android-x64" "0.16.5"
    "@esbuild/darwin-arm64" "0.16.5"
    "@esbuild/darwin-x64" "0.16.5"
    "@esbuild/freebsd-arm64" "0.16.5"
    "@esbuild/freebsd-x64" "0.16.5"
    "@esbuild/linux-arm" "0.16.5"
    "@esbuild/linux-arm64" "0.16.5"
    "@esbuild/linux-ia32" "0.16.5"
    "@esbuild/linux-loong64" "0.16.5"
    "@esbuild/linux-mips64el" "0.16.5"
    "@esbuild/linux-ppc64" "0.16.5"
    "@esbuild/linux-riscv64" "0.16.5"
    "@esbuild/linux-s390x" "0.16.5"
    "@esbuild/linux-x64" "0.16.5"
    "@esbuild/netbsd-x64" "0.16.5"
    "@esbuild/openbsd-x64" "0.16.5"
    "@esbuild/sunos-x64" "0.16.5"
    "@esbuild/win32-arm64" "0.16.5"
    "@esbuild/win32-ia32" "0.16.5"
    "@esbuild/win32-x64" "0.16.5"

typescript@^4.9.4:
  version "4.9.4"
  resolved "https://registry.yarnpkg.com/typescript/-/typescript-4.9.4.tgz#a2a3d2756c079abda241d75f149df9d561091e78"
  integrity sha512-Uz+dTXYzxXXbsFpM86Wh3dKCxrQqUcVMxwU54orwlJjOpO3ao8L7j5lH+dWfTwgCwIuM9GQ2kvVotzYJMXTBZg==
